
Microsoft Visual Studio Solution File, Format Version 12.00
# Visual Studio Version 16
VisualStudioVersion = 16.0.31205.134
MinimumVisualStudioVersion = 10.0.40219.1
Project("{FAE04EC0-301F-11D3-BF4B-00C04F79EFBC}") = "hello-world", "hello-world\hello-world.csproj", "{9B05DF44-B33E-40D1-B326-0DB5C97CC262}"
EndProject
Global
	GlobalSection(SolutionConfigurationPlatforms) = preSolution
		Debug|Any CPU = Debug|Any CPU
		Release|Any CPU = Release|Any CPU
	EndGlobalSection
	GlobalSection(ProjectConfigurationPlatforms) = postSolution
		{9B05DF44-B33E-40D1-B326-0DB5C97CC262}.Debug|Any CPU.ActiveCfg = Debug|Any CPU
		{9B05DF44-B33E-40D1-B326-0DB5C97CC262}.Debug|Any CPU.Build.0 = Debug|Any CPU
		{9B05DF44-B33E-40D1-B326-0DB5C97CC262}.Release|Any CPU.ActiveCfg = Release|Any CPU
		{9B05DF44-B33E-40D1-B326-0DB5C97CC262}.Release|Any CPU.Build.0 = Release|Any CPU
	EndGlobalSection
	GlobalSection(SolutionProperties) = preSolution
		HideSolutionNode = FALSE
	EndGlobalSection
	GlobalSection(ExtensibilityGlobals) = postSolution
		SolutionGuid = {A4AD6FD2-98BA-4048-A156-4CB00A4596AB}
	EndGlobalSection
EndGlobal
